
Microsoft Visual Studio Solution File, Format Version 12.00
# Visual Studio 14
VisualStudioVersion = 14.0.25420.1
MinimumVisualStudioVersion = 10.0.40219.1
Project("{8BC9CEB8-8B4A-11D0-8D11-00A0C91BC942}") = "Inheritance base", "Project1\Project1.vcxproj", "{78DF3B1E-A37B-4B4B-9595-069B79E4AFF4}"
EndProject
Project("{8BC9CEB8-8B4A-11D0-8D11-00A0C91BC942}") = "test", "test\test.vcxproj", "{6B105C02-D233-44A6-AA74-90B4CBA64A74}"
EndProject
Project("{8BC9CEB8-8B4A-11D0-8D11-00A0C91BC942}") = "Access Modifiers", "Access Modifiers\Access Modifiers.vcxproj", "{01E34050-987A-4648-82EF-DAA9D8DCB7A8}"
EndProject
Project("{8BC9CEB8-8B4A-11D0-8D11-00A0C91BC942}") = "Constructors and Destructurs(lec 174)", "Constructors and Destructurs(lec 174)\Constructors and Destructurs(lec 174).vcxproj", "{CA5755CA-6EDD-4681-80C3-581114DFA10B}"
EndProject
Project("{8BC9CEB8-8B4A-11D0-8D11-00A0C91BC942}") = "Passing Args to Base Class Const", "Passing Args to Base Class Const\Passing Args to Base Class Const.vcxproj", "{B5B33AD9-D1D5-477B-AB76-79ED5D9A3434}"
EndProject
Global
	GlobalSection(SolutionConfigurationPlatforms) = preSolution
		Debug|x64 = Debug|x64
		Debug|x86 = Debug|x86
		Release|x64 = Release|x64
		Release|x86 = Release|x86
	EndGlobalSection
	GlobalSection(ProjectConfigurationPlatforms) = postSolution
		{78DF3B1E-A37B-4B4B-9595-069B79E4AFF4}.Debug|x64.ActiveCfg = Debug|x64
		{78DF3B1E-A37B-4B4B-9595-069B79E4AFF4}.Debug|x64.Build.0 = Debug|x64
		{78DF3B1E-A37B-4B4B-9595-069B79E4AFF4}.Debug|x86.ActiveCfg = Debug|Win32
		{78DF3B1E-A37B-4B4B-9595-069B79E4AFF4}.Debug|x86.Build.0 = Debug|Win32
		{78DF3B1E-A37B-4B4B-9595-069B79E4AFF4}.Release|x64.ActiveCfg = Release|x64
		{78DF3B1E-A37B-4B4B-9595-069B79E4AFF4}.Release|x64.Build.0 = Release|x64
		{78DF3B1E-A37B-4B4B-9595-069B79E4AFF4}.Release|x86.ActiveCfg = Release|Win32
		{78DF3B1E-A37B-4B4B-9595-069B79E4AFF4}.Release|x86.Build.0 = Release|Win32
		{6B105C02-D233-44A6-AA74-90B4CBA64A74}.Debug|x64.ActiveCfg = Debug|x64
		{6B105C02-D233-44A6-AA74-90B4CBA64A74}.Debug|x64.Build.0 = Debug|x64
		{6B105C02-D233-44A6-AA74-90B4CBA64A74}.Debug|x86.ActiveCfg = Debug|Win32
		{6B105C02-D233-44A6-AA74-90B4CBA64A74}.Debug|x86.Build.0 = Debug|Win32
		{6B105C02-D233-44A6-AA74-90B4CBA64A74}.Release|x64.ActiveCfg = Release|x64
		{6B105C02-D233-44A6-AA74-90B4CBA64A74}.Release|x64.Build.0 = Release|x64
		{6B105C02-D233-44A6-AA74-90B4CBA64A74}.Release|x86.ActiveCfg = Release|Win32
		{6B105C02-D233-44A6-AA74-90B4CBA64A74}.Release|x86.Build.0 = Release|Win32
		{01E34050-987A-4648-82EF-DAA9D8DCB7A8}.Debug|x64.ActiveCfg = Debug|x64
		{01E34050-987A-4648-82EF-DAA9D8DCB7A8}.Debug|x64.Build.0 = Debug|x64
		{01E34050-987A-4648-82EF-DAA9D8DCB7A8}.Debug|x86.ActiveCfg = Debug|Win32
		{01E34050-987A-4648-82EF-DAA9D8DCB7A8}.Debug|x86.Build.0 = Debug|Win32
		{01E34050-987A-4648-82EF-DAA9D8DCB7A8}.Release|x64.ActiveCfg = Release|x64
		{01E34050-987A-4648-82EF-DAA9D8DCB7A8}.Release|x64.Build.0 = Release|x64
		{01E34050-987A-4648-82EF-DAA9D8DCB7A8}.Release|x86.ActiveCfg = Release|Win32
		{01E34050-987A-4648-82EF-DAA9D8DCB7A8}.Release|x86.Build.0 = Release|Win32
		{CA5755CA-6EDD-4681-80C3-581114DFA10B}.Debug|x64.ActiveCfg = Debug|x64
		{CA5755CA-6EDD-4681-80C3-581114DFA10B}.Debug|x64.Build.0 = Debug|x64
		{CA5755CA-6EDD-4681-80C3-581114DFA10B}.Debug|x86.ActiveCfg = Debug|Win32
		{CA5755CA-6EDD-4681-80C3-581114DFA10B}.Debug|x86.Build.0 = Debug|Win32
		{CA5755CA-6EDD-4681-80C3-581114DFA10B}.Release|x64.ActiveCfg = Release|x64
		{CA5755CA-6EDD-4681-80C3-581114DFA10B}.Release|x64.Build.0 = Release|x64
		{CA5755CA-6EDD-4681-80C3-581114DFA10B}.Release|x86.ActiveCfg = Release|Win32
		{CA5755CA-6EDD-4681-80C3-581114DFA10B}.Release|x86.Build.0 = Release|Win32
		{B5B33AD9-D1D5-477B-AB76-79ED5D9A3434}.Debug|x64.ActiveCfg = Debug|x64
		{B5B33AD9-D1D5-477B-AB76-79ED5D9A3434}.Debug|x64.Build.0 = Debug|x64
		{B5B33AD9-D1D5-477B-AB76-79ED5D9A3434}.Debug|x86.ActiveCfg = Debug|Win32
		{B5B33AD9-D1D5-477B-AB76-79ED5D9A3434}.Debug|x86.Build.0 = Debug|Win32
		{B5B33AD9-D1D5-477B-AB76-79ED5D9A3434}.Release|x64.ActiveCfg = Release|x64
		{B5B33AD9-D1D5-477B-AB76-79ED5D9A3434}.Release|x64.Build.0 = Release|x64
		{B5B33AD9-D1D5-477B-AB76-79ED5D9A3434}.Release|x86.ActiveCfg = Release|Win32
		{B5B33AD9-D1D5-477B-AB76-79ED5D9A3434}.Release|x86.Build.0 = Release|Win32
	EndGlobalSection
	GlobalSection(SolutionProperties) = preSolution
		HideSolutionNode = FALSE
	EndGlobalSection
EndGlobal
